
Microsoft Visual Studio Solution File, Format Version 12.00
# Visual Studio Version 17
VisualStudioVersion = 17.11.35222.181
MinimumVisualStudioVersion = 10.0.40219.1
Project("{FAE04EC0-301F-11D3-BF4B-00C04F79EFBC}") = "OgrenciYonetimSistemi", "OgrenciYonetimSistemi\OgrenciYonetimSistemi.csproj", "{C98983BE-EFD5-4F6A-9F36-024EA723BD76}"
EndProject
Global
	GlobalSection(SolutionConfigurationPlatforms) = preSolution
		Debug|Any CPU = Debug|Any CPU
		Release|Any CPU = Release|Any CPU
	EndGlobalSection
	GlobalSection(ProjectConfigurationPlatforms) = postSolution
		{C98983BE-EFD5-4F6A-9F36-024EA723BD76}.Debug|Any CPU.ActiveCfg = Debug|Any CPU
		{C98983BE-EFD5-4F6A-9F36-024EA723BD76}.Debug|Any CPU.Build.0 = Debug|Any CPU
		{C98983BE-EFD5-4F6A-9F36-024EA723BD76}.Release|Any CPU.ActiveCfg = Release|Any CPU
		{C98983BE-EFD5-4F6A-9F36-024EA723BD76}.Release|Any CPU.Build.0 = Release|Any CPU
	EndGlobalSection
	GlobalSection(SolutionProperties) = preSolution
		HideSolutionNode = FALSE
	EndGlobalSection
	GlobalSection(ExtensibilityGlobals) = postSolution
		SolutionGuid = {5FBB1B16-8C61-4BE6-A88B-984522CEEA73}
	EndGlobalSection
EndGlobal
